
Microsoft Visual Studio Solution File, Format Version 12.00
# Visual Studio Version 17
VisualStudioVersion = 17.8.34525.116
MinimumVisualStudioVersion = 10.0.40219.1
Project("{FAE04EC0-301F-11D3-BF4B-00C04F79EFBC}") = "Instagram(Un)Follow", "InstagramFollowers\Instagram(Un)Follow.csproj", "{518BB13C-7B86-4998-A571-91D95470EB93}"
EndProject
Project("{54435603-DBB4-11D2-8724-00A0C9A8B90C}") = "Instagram(Un)FollowInstaller", "Instagram(Un)FollowInstaller\Instagram(Un)FollowInstaller.vdproj", "{950B97DB-0C21-4CDE-A3A6-D23AB63F62BB}"
EndProject
Global
	GlobalSection(SolutionConfigurationPlatforms) = preSolution
		Debug|Any CPU = Debug|Any CPU
		Release|Any CPU = Release|Any CPU
	EndGlobalSection
	GlobalSection(ProjectConfigurationPlatforms) = postSolution
		{518BB13C-7B86-4998-A571-91D95470EB93}.Debug|Any CPU.ActiveCfg = Debug|Any CPU
		{518BB13C-7B86-4998-A571-91D95470EB93}.Debug|Any CPU.Build.0 = Debug|Any CPU
		{518BB13C-7B86-4998-A571-91D95470EB93}.Release|Any CPU.ActiveCfg = Release|Any CPU
		{518BB13C-7B86-4998-A571-91D95470EB93}.Release|Any CPU.Build.0 = Release|Any CPU
		{950B97DB-0C21-4CDE-A3A6-D23AB63F62BB}.Debug|Any CPU.ActiveCfg = Debug
		{950B97DB-0C21-4CDE-A3A6-D23AB63F62BB}.Release|Any CPU.ActiveCfg = Release
	EndGlobalSection
	GlobalSection(SolutionProperties) = preSolution
		HideSolutionNode = FALSE
	EndGlobalSection
	GlobalSection(ExtensibilityGlobals) = postSolution
		SolutionGuid = {8019793E-EAE4-4BF3-9F64-DE255CEB263A}
	EndGlobalSection
EndGlobal
